
Microsoft Visual Studio Solution File, Format Version 12.00
# Visual Studio Version 16
VisualStudioVersion = 16.0.31321.278
MinimumVisualStudioVersion = 10.0.40219.1
Project("{9A19103F-16F7-4668-BE54-9A1E7A4F7556}") = "SalesTaxes", "SalesTaxes\SalesTaxes.csproj", "{B0823892-33A1-4364-B21B-0F3E705B9848}"
EndProject
Project("{FAE04EC0-301F-11D3-BF4B-00C04F79EFBC}") = "TestSalesTaxes", "TestSalesTaxes\TestSalesTaxes.csproj", "{C7BC19D4-8DA5-4E0F-AD63-49E521F0CC3E}"
EndProject
Global
	GlobalSection(SolutionConfigurationPlatforms) = preSolution
		Debug|Any CPU = Debug|Any CPU
		Release|Any CPU = Release|Any CPU
	EndGlobalSection
	GlobalSection(ProjectConfigurationPlatforms) = postSolution
		{B0823892-33A1-4364-B21B-0F3E705B9848}.Debug|Any CPU.ActiveCfg = Debug|Any CPU
		{B0823892-33A1-4364-B21B-0F3E705B9848}.Debug|Any CPU.Build.0 = Debug|Any CPU
		{B0823892-33A1-4364-B21B-0F3E705B9848}.Release|Any CPU.ActiveCfg = Release|Any CPU
		{B0823892-33A1-4364-B21B-0F3E705B9848}.Release|Any CPU.Build.0 = Release|Any CPU
		{C7BC19D4-8DA5-4E0F-AD63-49E521F0CC3E}.Debug|Any CPU.ActiveCfg = Debug|Any CPU
		{C7BC19D4-8DA5-4E0F-AD63-49E521F0CC3E}.Debug|Any CPU.Build.0 = Debug|Any CPU
		{C7BC19D4-8DA5-4E0F-AD63-49E521F0CC3E}.Release|Any CPU.ActiveCfg = Release|Any CPU
		{C7BC19D4-8DA5-4E0F-AD63-49E521F0CC3E}.Release|Any CPU.Build.0 = Release|Any CPU
	EndGlobalSection
	GlobalSection(SolutionProperties) = preSolution
		HideSolutionNode = FALSE
	EndGlobalSection
	GlobalSection(ExtensibilityGlobals) = postSolution
		SolutionGuid = {4C3A9646-841D-492E-BB0D-7CE9463B0458}
	EndGlobalSection
EndGlobal
